// !$*UTF8*$!
{
	archiveVersion = 1;
	classes = {
	};
	objectVersion = 56;
	objects = {

/* Begin PBXBuildFile section */
		CF2AA8032BBBDE0000D5E77A /* FontHelper.swift in Sources */ = {isa = PBXBuildFile; fileRef = CF2AA8022BBBDE0000D5E77A /* FontHelper.swift */; };
		CF2AA8042BBBDE0000D5E77A /* FontHelper.swift in Sources */ = {isa = PBXBuildFile; fileRef = CF2AA8022BBBDE0000D5E77A /* FontHelper.swift */; };
		CF2AA8092BBBDE3900D5E77A /* API.swift in Sources */ = {isa = PBXBuildFile; fileRef = CF2AA8052BBBDE3900D5E77A /* API.swift */; };
		CF2AA80A2BBBDE3900D5E77A /* API.swift in Sources */ = {isa = PBXBuildFile; fileRef = CF2AA8052BBBDE3900D5E77A /* API.swift */; };
		CF2AA80B2BBBDE3900D5E77A /* APIEndpoint.swift in Sources */ = {isa = PBXBuildFile; fileRef = CF2AA8062BBBDE3900D5E77A /* APIEndpoint.swift */; };
		CF2AA80C2BBBDE3900D5E77A /* APIEndpoint.swift in Sources */ = {isa = PBXBuildFile; fileRef = CF2AA8062BBBDE3900D5E77A /* APIEndpoint.swift */; };
		CF2AA80D2BBBDE3900D5E77A /* APIError.swift in Sources */ = {isa = PBXBuildFile; fileRef = CF2AA8072BBBDE3900D5E77A /* APIError.swift */; };
		CF2AA80E2BBBDE3900D5E77A /* APIError.swift in Sources */ = {isa = PBXBuildFile; fileRef = CF2AA8072BBBDE3900D5E77A /* APIError.swift */; };
		CF2AA8132BBBE17300D5E77A /* Font+.swift in Sources */ = {isa = PBXBuildFile; fileRef = CF2AA8122BBBE17300D5E77A /* Font+.swift */; };
		CF2AA8142BBBE17300D5E77A /* Font+.swift in Sources */ = {isa = PBXBuildFile; fileRef = CF2AA8122BBBE17300D5E77A /* Font+.swift */; };
		CF2AA8172BBBEEBC00D5E77A /* Product.swift in Sources */ = {isa = PBXBuildFile; fileRef = CF2AA8162BBBEEBC00D5E77A /* Product.swift */; };
		CF2AA8182BBBEEBC00D5E77A /* Product.swift in Sources */ = {isa = PBXBuildFile; fileRef = CF2AA8162BBBEEBC00D5E77A /* Product.swift */; };
		CF2AA81A2BBBEFC600D5E77A /* ProductResponse.swift in Sources */ = {isa = PBXBuildFile; fileRef = CF2AA8192BBBEFC600D5E77A /* ProductResponse.swift */; };
		CF2AA81B2BBBEFC600D5E77A /* ProductResponse.swift in Sources */ = {isa = PBXBuildFile; fileRef = CF2AA8192BBBEFC600D5E77A /* ProductResponse.swift */; };
		CF2AA81D2BBBF62300D5E77A /* MultiformRequest.swift in Sources */ = {isa = PBXBuildFile; fileRef = CF2AA81C2BBBF62300D5E77A /* MultiformRequest.swift */; };
		CF2AA81E2BBBF62300D5E77A /* MultiformRequest.swift in Sources */ = {isa = PBXBuildFile; fileRef = CF2AA81C2BBBF62300D5E77A /* MultiformRequest.swift */; };
		CF2AA8202BBBF88600D5E77A /* Data+.swift in Sources */ = {isa = PBXBuildFile; fileRef = CF2AA81F2BBBF88600D5E77A /* Data+.swift */; };
		CF2AA8212BBBF88600D5E77A /* Data+.swift in Sources */ = {isa = PBXBuildFile; fileRef = CF2AA81F2BBBF88600D5E77A /* Data+.swift */; };
		CF2AA8232BBBFDBD00D5E77A /* ProductService.swift in Sources */ = {isa = PBXBuildFile; fileRef = CF2AA8222BBBFDBD00D5E77A /* ProductService.swift */; };
		CF2AA8242BBBFDBD00D5E77A /* ProductService.swift in Sources */ = {isa = PBXBuildFile; fileRef = CF2AA8222BBBFDBD00D5E77A /* ProductService.swift */; };
		CF2AA8262BBBFDFC00D5E77A /* ProductEndpoint.swift in Sources */ = {isa = PBXBuildFile; fileRef = CF2AA8252BBBFDFC00D5E77A /* ProductEndpoint.swift */; };
		CF2AA8272BBBFDFC00D5E77A /* ProductEndpoint.swift in Sources */ = {isa = PBXBuildFile; fileRef = CF2AA8252BBBFDFC00D5E77A /* ProductEndpoint.swift */; };
		CF2AA82A2BBC15E800D5E77A /* ProductData.swift in Sources */ = {isa = PBXBuildFile; fileRef = CF2AA8292BBC15E800D5E77A /* ProductData.swift */; };
		CF2AA82B2BBC15E800D5E77A /* ProductData.swift in Sources */ = {isa = PBXBuildFile; fileRef = CF2AA8292BBC15E800D5E77A /* ProductData.swift */; };
		CF2AA8342BBC168F00D5E77A /* PlusJakartaSans-Regular.ttf in Resources */ = {isa = PBXBuildFile; fileRef = CF2AA8302BBC167B00D5E77A /* PlusJakartaSans-Regular.ttf */; };
		CF2AA8352BBC168F00D5E77A /* PlusJakartaSans-Light.ttf in Resources */ = {isa = PBXBuildFile; fileRef = CF2AA8322BBC167B00D5E77A /* PlusJakartaSans-Light.ttf */; };
		CF2AA8362BBC168F00D5E77A /* PlusJakartaSans-Bold.ttf in Resources */ = {isa = PBXBuildFile; fileRef = CF2AA82E2BBC167B00D5E77A /* PlusJakartaSans-Bold.ttf */; };
		CF2AA8372BBC168F00D5E77A /* PlusJakartaSans-ExtraBold.ttf in Resources */ = {isa = PBXBuildFile; fileRef = CF2AA8332BBC167B00D5E77A /* PlusJakartaSans-ExtraBold.ttf */; };
		CF2AA8382BBC168F00D5E77A /* PlusJakartaSans-Medium.ttf in Resources */ = {isa = PBXBuildFile; fileRef = CF2AA82D2BBC167B00D5E77A /* PlusJakartaSans-Medium.ttf */; };
		CF2AA8392BBC168F00D5E77A /* PlusJakartaSans-SemiBold.ttf in Resources */ = {isa = PBXBuildFile; fileRef = CF2AA8312BBC167B00D5E77A /* PlusJakartaSans-SemiBold.ttf */; };
		CF2AA83A2BBC168F00D5E77A /* PlusJakartaSans-ExtraLight.ttf in Resources */ = {isa = PBXBuildFile; fileRef = CF2AA82F2BBC167B00D5E77A /* PlusJakartaSans-ExtraLight.ttf */; };
		CF2AA83B2BBC168F00D5E77A /* PlusJakartaSans-Regular.ttf in Resources */ = {isa = PBXBuildFile; fileRef = CF2AA8302BBC167B00D5E77A /* PlusJakartaSans-Regular.ttf */; };
		CF2AA83C2BBC168F00D5E77A /* PlusJakartaSans-Light.ttf in Resources */ = {isa = PBXBuildFile; fileRef = CF2AA8322BBC167B00D5E77A /* PlusJakartaSans-Light.ttf */; };
		CF2AA83D2BBC168F00D5E77A /* PlusJakartaSans-Bold.ttf in Resources */ = {isa = PBXBuildFile; fileRef = CF2AA82E2BBC167B00D5E77A /* PlusJakartaSans-Bold.ttf */; };
		CF2AA83E2BBC168F00D5E77A /* PlusJakartaSans-ExtraBold.ttf in Resources */ = {isa = PBXBuildFile; fileRef = CF2AA8332BBC167B00D5E77A /* PlusJakartaSans-ExtraBold.ttf */; };
		CF2AA83F2BBC168F00D5E77A /* PlusJakartaSans-Medium.ttf in Resources */ = {isa = PBXBuildFile; fileRef = CF2AA82D2BBC167B00D5E77A /* PlusJakartaSans-Medium.ttf */; };
		CF2AA8402BBC168F00D5E77A /* PlusJakartaSans-SemiBold.ttf in Resources */ = {isa = PBXBuildFile; fileRef = CF2AA8312BBC167B00D5E77A /* PlusJakartaSans-SemiBold.ttf */; };
		CF2AA8412BBC168F00D5E77A /* PlusJakartaSans-ExtraLight.ttf in Resources */ = {isa = PBXBuildFile; fileRef = CF2AA82F2BBC167B00D5E77A /* PlusJakartaSans-ExtraLight.ttf */; };
		CF2AA8442BBC1D6400D5E77A /* Double+.swift in Sources */ = {isa = PBXBuildFile; fileRef = CF2AA8432BBC1D6400D5E77A /* Double+.swift */; };
		CF2AA8452BBC1D6400D5E77A /* Double+.swift in Sources */ = {isa = PBXBuildFile; fileRef = CF2AA8432BBC1D6400D5E77A /* Double+.swift */; };
		CF2AA8482BBC1EBF00D5E77A /* HomeViewModel.swift in Sources */ = {isa = PBXBuildFile; fileRef = CF2AA8472BBC1EBF00D5E77A /* HomeViewModel.swift */; };
		CF2AA8492BBC1EBF00D5E77A /* HomeViewModel.swift in Sources */ = {isa = PBXBuildFile; fileRef = CF2AA8472BBC1EBF00D5E77A /* HomeViewModel.swift */; };
		CF2AA84C2BBC219B00D5E77A /* AddProductView.swift in Sources */ = {isa = PBXBuildFile; fileRef = CF2AA84B2BBC219B00D5E77A /* AddProductView.swift */; };
		CF2AA84D2BBC219B00D5E77A /* AddProductView.swift in Sources */ = {isa = PBXBuildFile; fileRef = CF2AA84B2BBC219B00D5E77A /* AddProductView.swift */; };
		CF2AA8502BBC21B300D5E77A /* AddProductViewModel.swift in Sources */ = {isa = PBXBuildFile; fileRef = CF2AA84F2BBC21B300D5E77A /* AddProductViewModel.swift */; };
		CF2AA8512BBC21B300D5E77A /* AddProductViewModel.swift in Sources */ = {isa = PBXBuildFile; fileRef = CF2AA84F2BBC21B300D5E77A /* AddProductViewModel.swift */; };
		CF2AA8532BBC594100D5E77A /* String+.swift in Sources */ = {isa = PBXBuildFile; fileRef = CF2AA8522BBC594100D5E77A /* String+.swift */; };
		CF2AA8542BBC594100D5E77A /* String+.swift in Sources */ = {isa = PBXBuildFile; fileRef = CF2AA8522BBC594100D5E77A /* String+.swift */; };
		CF2AA8562BBC5EDF00D5E77A /* Publisher+.swift in Sources */ = {isa = PBXBuildFile; fileRef = CF2AA8552BBC5EDF00D5E77A /* Publisher+.swift */; };
		CF2AA8572BBC5EDF00D5E77A /* Publisher+.swift in Sources */ = {isa = PBXBuildFile; fileRef = CF2AA8552BBC5EDF00D5E77A /* Publisher+.swift */; };
		CF2AA8592BBC62F000D5E77A /* ImagePicker.swift in Sources */ = {isa = PBXBuildFile; fileRef = CF2AA8582BBC62F000D5E77A /* ImagePicker.swift */; };
		CF2AA85A2BBC62F000D5E77A /* ImagePicker.swift in Sources */ = {isa = PBXBuildFile; fileRef = CF2AA8582BBC62F000D5E77A /* ImagePicker.swift */; };
		CF38134A2B664AFA009AD64E /* BillDuctApp.swift in Sources */ = {isa = PBXBuildFile; fileRef = CF3813492B664AFA009AD64E /* BillDuctApp.swift */; };
		CF38134C2B664AFA009AD64E /* HomeView.swift in Sources */ = {isa = PBXBuildFile; fileRef = CF38134B2B664AFA009AD64E /* HomeView.swift */; };
		CF38134E2B664AFB009AD64E /* Assets.xcassets in Resources */ = {isa = PBXBuildFile; fileRef = CF38134D2B664AFB009AD64E /* Assets.xcassets */; };
		CF3813512B664AFB009AD64E /* Preview Assets.xcassets in Resources */ = {isa = PBXBuildFile; fileRef = CF3813502B664AFB009AD64E /* Preview Assets.xcassets */; };
		CF3813692B664BB1009AD64E /* BillDuctApp.swift in Sources */ = {isa = PBXBuildFile; fileRef = CF3813492B664AFA009AD64E /* BillDuctApp.swift */; };
		CF38136A2B664BB1009AD64E /* HomeView.swift in Sources */ = {isa = PBXBuildFile; fileRef = CF38134B2B664AFA009AD64E /* HomeView.swift */; };
		CF38136B2B664BB6009AD64E /* Assets.xcassets in Resources */ = {isa = PBXBuildFile; fileRef = CF38134D2B664AFB009AD64E /* Assets.xcassets */; };
		CF38136C2B664BB6009AD64E /* Preview Assets.xcassets in Resources */ = {isa = PBXBuildFile; fileRef = CF3813502B664AFB009AD64E /* Preview Assets.xcassets */; };
		CF3813712B664D06009AD64E /* CoreDataStack.swift in Sources */ = {isa = PBXBuildFile; fileRef = CF3813702B664D06009AD64E /* CoreDataStack.swift */; };
		CF3813722B664D06009AD64E /* CoreDataStack.swift in Sources */ = {isa = PBXBuildFile; fileRef = CF3813702B664D06009AD64E /* CoreDataStack.swift */; };
		CF3813772B664D21009AD64E /* UserDefaults+.swift in Sources */ = {isa = PBXBuildFile; fileRef = CF3813732B664D21009AD64E /* UserDefaults+.swift */; };
		CF3813782B664D21009AD64E /* UserDefaults+.swift in Sources */ = {isa = PBXBuildFile; fileRef = CF3813732B664D21009AD64E /* UserDefaults+.swift */; };
		CF3813792B664D21009AD64E /* Constants.swift in Sources */ = {isa = PBXBuildFile; fileRef = CF3813742B664D21009AD64E /* Constants.swift */; };
		CF38137A2B664D21009AD64E /* Constants.swift in Sources */ = {isa = PBXBuildFile; fileRef = CF3813742B664D21009AD64E /* Constants.swift */; };
		CF38137B2B664D21009AD64E /* URL+.swift in Sources */ = {isa = PBXBuildFile; fileRef = CF3813752B664D21009AD64E /* URL+.swift */; };
		CF38137C2B664D21009AD64E /* URL+.swift in Sources */ = {isa = PBXBuildFile; fileRef = CF3813752B664D21009AD64E /* URL+.swift */; };
		CF38137D2B664D21009AD64E /* Logger.swift in Sources */ = {isa = PBXBuildFile; fileRef = CF3813762B664D21009AD64E /* Logger.swift */; };
		CF38137E2B664D21009AD64E /* Logger.swift in Sources */ = {isa = PBXBuildFile; fileRef = CF3813762B664D21009AD64E /* Logger.swift */; };
		CF3813822B664D63009AD64E /* BillDuctModel.xcdatamodeld in Sources */ = {isa = PBXBuildFile; fileRef = CF3813802B664D63009AD64E /* BillDuctModel.xcdatamodeld */; };
		CF3813832B664D63009AD64E /* BillDuctModel.xcdatamodeld in Sources */ = {isa = PBXBuildFile; fileRef = CF3813802B664D63009AD64E /* BillDuctModel.xcdatamodeld */; };
		CF3C76FE2BBD2593005E2D74 /* BDButton.swift in Sources */ = {isa = PBXBuildFile; fileRef = CF3C76FD2BBD2593005E2D74 /* BDButton.swift */; };
		CF3C76FF2BBD2593005E2D74 /* BDButton.swift in Sources */ = {isa = PBXBuildFile; fileRef = CF3C76FD2BBD2593005E2D74 /* BDButton.swift */; };
		CF3C77012BBD25AC005E2D74 /* Button+Modifiers.swift in Sources */ = {isa = PBXBuildFile; fileRef = CF3C77002BBD25AC005E2D74 /* Button+Modifiers.swift */; };
		CF3C77022BBD25AC005E2D74 /* Button+Modifiers.swift in Sources */ = {isa = PBXBuildFile; fileRef = CF3C77002BBD25AC005E2D74 /* Button+Modifiers.swift */; };
		CF3C77052BBD25B9005E2D74 /* View+.swift in Sources */ = {isa = PBXBuildFile; fileRef = CF3C77042BBD25B9005E2D74 /* View+.swift */; };
		CF3C77062BBD25B9005E2D74 /* View+.swift in Sources */ = {isa = PBXBuildFile; fileRef = CF3C77042BBD25B9005E2D74 /* View+.swift */; };
		CF3C770B2BBD30B8005E2D74 /* UIWindow+.swift in Sources */ = {isa = PBXBuildFile; fileRef = CF3C770A2BBD30B8005E2D74 /* UIWindow+.swift */; };
		CF3C770C2BBD30B8005E2D74 /* UIWindow+.swift in Sources */ = {isa = PBXBuildFile; fileRef = CF3C770A2BBD30B8005E2D74 /* UIWindow+.swift */; };
		CF3C77102BBD3172005E2D74 /* UIScreen+.swift in Sources */ = {isa = PBXBuildFile; fileRef = CF3C770D2BBD3135005E2D74 /* UIScreen+.swift */; };
		CF3C77112BBD3173005E2D74 /* UIScreen+.swift in Sources */ = {isa = PBXBuildFile; fileRef = CF3C770D2BBD3135005E2D74 /* UIScreen+.swift */; };
		CF4C8FC72BBD31F600D02293 /* BDTextField.swift in Sources */ = {isa = PBXBuildFile; fileRef = CF4C8FC62BBD31F600D02293 /* BDTextField.swift */; };
		CF4C8FC92BBD326000D02293 /* Stacks.swift in Sources */ = {isa = PBXBuildFile; fileRef = CF4C8FC82BBD326000D02293 /* Stacks.swift */; };
		CF4C8FCA2BBD326000D02293 /* Stacks.swift in Sources */ = {isa = PBXBuildFile; fileRef = CF4C8FC82BBD326000D02293 /* Stacks.swift */; };
		CF4C8FCC2BBD337000D02293 /* Helper+Modifiers.swift in Sources */ = {isa = PBXBuildFile; fileRef = CF4C8FCB2BBD336F00D02293 /* Helper+Modifiers.swift */; };
		CF4C8FCD2BBD337000D02293 /* Helper+Modifiers.swift in Sources */ = {isa = PBXBuildFile; fileRef = CF4C8FCB2BBD336F00D02293 /* Helper+Modifiers.swift */; };
		CF4C8FCF2BBD355500D02293 /* BDSection.swift in Sources */ = {isa = PBXBuildFile; fileRef = CF4C8FCE2BBD355500D02293 /* BDSection.swift */; };
		CF4C8FD02BBD355500D02293 /* BDSection.swift in Sources */ = {isa = PBXBuildFile; fileRef = CF4C8FCE2BBD355500D02293 /* BDSection.swift */; };
		CF4C8FD22BBD374500D02293 /* BDCustomAlertSheet.swift in Sources */ = {isa = PBXBuildFile; fileRef = CF4C8FD12BBD374500D02293 /* BDCustomAlertSheet.swift */; };
		CF4C8FD32BBD374500D02293 /* BDCustomAlertSheet.swift in Sources */ = {isa = PBXBuildFile; fileRef = CF4C8FD12BBD374500D02293 /* BDCustomAlertSheet.swift */; };
		CF4C8FD42BBD50DB00D02293 /* BDTextField.swift in Sources */ = {isa = PBXBuildFile; fileRef = CF4C8FC62BBD31F600D02293 /* BDTextField.swift */; };
		CF4C8FD62BBDA90700D02293 /* BDNavigationView.swift in Sources */ = {isa = PBXBuildFile; fileRef = CF4C8FD52BBDA90700D02293 /* BDNavigationView.swift */; };
		CF4C8FD72BBDA90700D02293 /* BDNavigationView.swift in Sources */ = {isa = PBXBuildFile; fileRef = CF4C8FD52BBDA90700D02293 /* BDNavigationView.swift */; };
/* End PBXBuildFile section */

/* Begin PBXFileReference section */
		CF2AA8022BBBDE0000D5E77A /* FontHelper.swift */ = {isa = PBXFileReference; fileEncoding = 4; lastKnownFileType = sourcecode.swift; path = FontHelper.swift; sourceTree = "<group>"; };
		CF2AA8052BBBDE3900D5E77A /* API.swift */ = {isa = PBXFileReference; fileEncoding = 4; lastKnownFileType = sourcecode.swift; path = API.swift; sourceTree = "<group>"; };
		CF2AA8062BBBDE3900D5E77A /* APIEndpoint.swift */ = {isa = PBXFileReference; fileEncoding = 4; lastKnownFileType = sourcecode.swift; path = APIEndpoint.swift; sourceTree = "<group>"; };
		CF2AA8072BBBDE3900D5E77A /* APIError.swift */ = {isa = PBXFileReference; fileEncoding = 4; lastKnownFileType = sourcecode.swift; path = APIError.swift; sourceTree = "<group>"; };
		CF2AA8102BBBDEC300D5E77A /* Info.plist */ = {isa = PBXFileReference; lastKnownFileType = text.plist.xml; path = Info.plist; sourceTree = "<group>"; };
		CF2AA8112BBBDECA00D5E77A /* Beta-Info.plist */ = {isa = PBXFileReference; lastKnownFileType = text.plist.xml; path = "Beta-Info.plist"; sourceTree = "<group>"; };
		CF2AA8122BBBE17300D5E77A /* Font+.swift */ = {isa = PBXFileReference; lastKnownFileType = sourcecode.swift; path = "Font+.swift"; sourceTree = "<group>"; };
		CF2AA8162BBBEEBC00D5E77A /* Product.swift */ = {isa = PBXFileReference; lastKnownFileType = sourcecode.swift; path = Product.swift; sourceTree = "<group>"; };
		CF2AA8192BBBEFC600D5E77A /* ProductResponse.swift */ = {isa = PBXFileReference; lastKnownFileType = sourcecode.swift; path = ProductResponse.swift; sourceTree = "<group>"; };
		CF2AA81C2BBBF62300D5E77A /* MultiformRequest.swift */ = {isa = PBXFileReference; lastKnownFileType = sourcecode.swift; path = MultiformRequest.swift; sourceTree = "<group>"; };
		CF2AA81F2BBBF88600D5E77A /* Data+.swift */ = {isa = PBXFileReference; lastKnownFileType = sourcecode.swift; path = "Data+.swift"; sourceTree = "<group>"; };
		CF2AA8222BBBFDBD00D5E77A /* ProductService.swift */ = {isa = PBXFileReference; lastKnownFileType = sourcecode.swift; path = ProductService.swift; sourceTree = "<group>"; };
		CF2AA8252BBBFDFC00D5E77A /* ProductEndpoint.swift */ = {isa = PBXFileReference; lastKnownFileType = sourcecode.swift; path = ProductEndpoint.swift; sourceTree = "<group>"; };
		CF2AA8292BBC15E800D5E77A /* ProductData.swift */ = {isa = PBXFileReference; lastKnownFileType = sourcecode.swift; path = ProductData.swift; sourceTree = "<group>"; };
		CF2AA82D2BBC167B00D5E77A /* PlusJakartaSans-Medium.ttf */ = {isa = PBXFileReference; lastKnownFileType = file; path = "PlusJakartaSans-Medium.ttf"; sourceTree = "<group>"; };
		CF2AA82E2BBC167B00D5E77A /* PlusJakartaSans-Bold.ttf */ = {isa = PBXFileReference; lastKnownFileType = file; path = "PlusJakartaSans-Bold.ttf"; sourceTree = "<group>"; };
		CF2AA82F2BBC167B00D5E77A /* PlusJakartaSans-ExtraLight.ttf */ = {isa = PBXFileReference; lastKnownFileType = file; path = "PlusJakartaSans-ExtraLight.ttf"; sourceTree = "<group>"; };
		CF2AA8302BBC167B00D5E77A /* PlusJakartaSans-Regular.ttf */ = {isa = PBXFileReference; lastKnownFileType = file; path = "PlusJakartaSans-Regular.ttf"; sourceTree = "<group>"; };
		CF2AA8312BBC167B00D5E77A /* PlusJakartaSans-SemiBold.ttf */ = {isa = PBXFileReference; lastKnownFileType = file; path = "PlusJakartaSans-SemiBold.ttf"; sourceTree = "<group>"; };
		CF2AA8322BBC167B00D5E77A /* PlusJakartaSans-Light.ttf */ = {isa = PBXFileReference; lastKnownFileType = file; path = "PlusJakartaSans-Light.ttf"; sourceTree = "<group>"; };
		CF2AA8332BBC167B00D5E77A /* PlusJakartaSans-ExtraBold.ttf */ = {isa = PBXFileReference; lastKnownFileType = file; path = "PlusJakartaSans-ExtraBold.ttf"; sourceTree = "<group>"; };
		CF2AA8432BBC1D6400D5E77A /* Double+.swift */ = {isa = PBXFileReference; lastKnownFileType = sourcecode.swift; path = "Double+.swift"; sourceTree = "<group>"; };
		CF2AA8472BBC1EBF00D5E77A /* HomeViewModel.swift */ = {isa = PBXFileReference; lastKnownFileType = sourcecode.swift; path = HomeViewModel.swift; sourceTree = "<group>"; };
		CF2AA84B2BBC219B00D5E77A /* AddProductView.swift */ = {isa = PBXFileReference; lastKnownFileType = sourcecode.swift; path = AddProductView.swift; sourceTree = "<group>"; };
		CF2AA84F2BBC21B300D5E77A /* AddProductViewModel.swift */ = {isa = PBXFileReference; lastKnownFileType = sourcecode.swift; path = AddProductViewModel.swift; sourceTree = "<group>"; };
		CF2AA8522BBC594100D5E77A /* String+.swift */ = {isa = PBXFileReference; lastKnownFileType = sourcecode.swift; path = "String+.swift"; sourceTree = "<group>"; };
		CF2AA8552BBC5EDF00D5E77A /* Publisher+.swift */ = {isa = PBXFileReference; lastKnownFileType = sourcecode.swift; path = "Publisher+.swift"; sourceTree = "<group>"; };
		CF2AA8582BBC62F000D5E77A /* ImagePicker.swift */ = {isa = PBXFileReference; lastKnownFileType = sourcecode.swift; path = ImagePicker.swift; sourceTree = "<group>"; };
		CF3813462B664AFA009AD64E /* BillDuct.app */ = {isa = PBXFileReference; explicitFileType = wrapper.application; includeInIndex = 0; path = BillDuct.app; sourceTree = BUILT_PRODUCTS_DIR; };
		CF3813492B664AFA009AD64E /* BillDuctApp.swift */ = {isa = PBXFileReference; lastKnownFileType = sourcecode.swift; path = BillDuctApp.swift; sourceTree = "<group>"; };
		CF38134B2B664AFA009AD64E /* HomeView.swift */ = {isa = PBXFileReference; lastKnownFileType = sourcecode.swift; path = HomeView.swift; sourceTree = "<group>"; };
		CF38134D2B664AFB009AD64E /* Assets.xcassets */ = {isa = PBXFileReference; lastKnownFileType = folder.assetcatalog; path = Assets.xcassets; sourceTree = "<group>"; };
		CF3813502B664AFB009AD64E /* Preview Assets.xcassets */ = {isa = PBXFileReference; lastKnownFileType = folder.assetcatalog; path = "Preview Assets.xcassets"; sourceTree = "<group>"; };
		CF38135B2B664B9E009AD64E /* BillDuct Beta.app */ = {isa = PBXFileReference; explicitFileType = wrapper.application; includeInIndex = 0; path = "BillDuct Beta.app"; sourceTree = BUILT_PRODUCTS_DIR; };
		CF38136D2B664C69009AD64E /* BillDuct.entitlements */ = {isa = PBXFileReference; lastKnownFileType = text.plist.entitlements; path = BillDuct.entitlements; sourceTree = "<group>"; };
		CF38136E2B664C82009AD64E /* BillDuct Beta.entitlements */ = {isa = PBXFileReference; lastKnownFileType = text.plist.entitlements; path = "BillDuct Beta.entitlements"; sourceTree = "<group>"; };
		CF3813702B664D06009AD64E /* CoreDataStack.swift */ = {isa = PBXFileReference; fileEncoding = 4; lastKnownFileType = sourcecode.swift; path = CoreDataStack.swift; sourceTree = "<group>"; };
		CF3813732B664D21009AD64E /* UserDefaults+.swift */ = {isa = PBXFileReference; fileEncoding = 4; lastKnownFileType = sourcecode.swift; path = "UserDefaults+.swift"; sourceTree = "<group>"; };
		CF3813742B664D21009AD64E /* Constants.swift */ = {isa = PBXFileReference; fileEncoding = 4; lastKnownFileType = sourcecode.swift; path = Constants.swift; sourceTree = "<group>"; };
		CF3813752B664D21009AD64E /* URL+.swift */ = {isa = PBXFileReference; fileEncoding = 4; lastKnownFileType = sourcecode.swift; path = "URL+.swift"; sourceTree = "<group>"; };
		CF3813762B664D21009AD64E /* Logger.swift */ = {isa = PBXFileReference; fileEncoding = 4; lastKnownFileType = sourcecode.swift; path = Logger.swift; sourceTree = "<group>"; };
		CF3813812B664D63009AD64E /* BillDuctModel.xcdatamodel */ = {isa = PBXFileReference; lastKnownFileType = wrapper.xcdatamodel; path = BillDuctModel.xcdatamodel; sourceTree = "<group>"; };
		CF3C76FD2BBD2593005E2D74 /* BDButton.swift */ = {isa = PBXFileReference; lastKnownFileType = sourcecode.swift; path = BDButton.swift; sourceTree = "<group>"; };
		CF3C77002BBD25AC005E2D74 /* Button+Modifiers.swift */ = {isa = PBXFileReference; lastKnownFileType = sourcecode.swift; path = "Button+Modifiers.swift"; sourceTree = "<group>"; };
		CF3C77042BBD25B9005E2D74 /* View+.swift */ = {isa = PBXFileReference; lastKnownFileType = sourcecode.swift; path = "View+.swift"; sourceTree = "<group>"; };
		CF3C770A2BBD30B8005E2D74 /* UIWindow+.swift */ = {isa = PBXFileReference; lastKnownFileType = sourcecode.swift; path = "UIWindow+.swift"; sourceTree = "<group>"; };
		CF3C770D2BBD3135005E2D74 /* UIScreen+.swift */ = {isa = PBXFileReference; lastKnownFileType = sourcecode.swift; path = "UIScreen+.swift"; sourceTree = "<group>"; };
		CF4C8FC62BBD31F600D02293 /* BDTextField.swift */ = {isa = PBXFileReference; lastKnownFileType = sourcecode.swift; path = BDTextField.swift; sourceTree = "<group>"; };
		CF4C8FC82BBD326000D02293 /* Stacks.swift */ = {isa = PBXFileReference; lastKnownFileType = sourcecode.swift; path = Stacks.swift; sourceTree = "<group>"; };
		CF4C8FCB2BBD336F00D02293 /* Helper+Modifiers.swift */ = {isa = PBXFileReference; lastKnownFileType = sourcecode.swift; path = "Helper+Modifiers.swift"; sourceTree = "<group>"; };
		CF4C8FCE2BBD355500D02293 /* BDSection.swift */ = {isa = PBXFileReference; lastKnownFileType = sourcecode.swift; path = BDSection.swift; sourceTree = "<group>"; };
		CF4C8FD12BBD374500D02293 /* BDCustomAlertSheet.swift */ = {isa = PBXFileReference; lastKnownFileType = sourcecode.swift; path = BDCustomAlertSheet.swift; sourceTree = "<group>"; };
		CF4C8FD52BBDA90700D02293 /* BDNavigationView.swift */ = {isa = PBXFileReference; lastKnownFileType = sourcecode.swift; path = BDNavigationView.swift; sourceTree = "<group>"; };
/* End PBXFileReference section */

/* Begin PBXFrameworksBuildPhase section */
		CF3813432B664AFA009AD64E /* Frameworks */ = {
			isa = PBXFrameworksBuildPhase;
			buildActionMask = 2147483647;
			files = (
			);
			runOnlyForDeploymentPostprocessing = 0;
		};
		CF3813582B664B9E009AD64E /* Frameworks */ = {
			isa = PBXFrameworksBuildPhase;
			buildActionMask = 2147483647;
			files = (
			);
			runOnlyForDeploymentPostprocessing = 0;
		};
/* End PBXFrameworksBuildPhase section */

/* Begin PBXGroup section */
		CF2AA8082BBBDE3900D5E77A /* Implementations */ = {
			isa = PBXGroup;
			children = (
				CF2AA81C2BBBF62300D5E77A /* MultiformRequest.swift */,
				CF2AA8052BBBDE3900D5E77A /* API.swift */,
				CF2AA8062BBBDE3900D5E77A /* APIEndpoint.swift */,
				CF2AA8072BBBDE3900D5E77A /* APIError.swift */,
			);
			path = Implementations;
			sourceTree = "<group>";
		};
		CF2AA80F2BBBDE3C00D5E77A /* Networking */ = {
			isa = PBXGroup;
			children = (
				CF2AA8082BBBDE3900D5E77A /* Implementations */,
				CF2AA8282BBBFE0300D5E77A /* Product */,
			);
			path = Networking;
			sourceTree = "<group>";
		};
		CF2AA8152BBBE17600D5E77A /* Extensions */ = {
			isa = PBXGroup;
			children = (
				CF4C8FC82BBD326000D02293 /* Stacks.swift */,
				CF3813732B664D21009AD64E /* UserDefaults+.swift */,
				CF3813752B664D21009AD64E /* URL+.swift */,
				CF2AA8122BBBE17300D5E77A /* Font+.swift */,
				CF2AA81F2BBBF88600D5E77A /* Data+.swift */,
				CF2AA8432BBC1D6400D5E77A /* Double+.swift */,
				CF2AA8522BBC594100D5E77A /* String+.swift */,
				CF2AA8552BBC5EDF00D5E77A /* Publisher+.swift */,
				CF3C77042BBD25B9005E2D74 /* View+.swift */,
				CF3C770A2BBD30B8005E2D74 /* UIWindow+.swift */,
				CF3C770D2BBD3135005E2D74 /* UIScreen+.swift */,
			);
			path = Extensions;
			sourceTree = "<group>";
		};
		CF2AA8282BBBFE0300D5E77A /* Product */ = {
			isa = PBXGroup;
			children = (
				CF2AA8222BBBFDBD00D5E77A /* ProductService.swift */,
				CF2AA8252BBBFDFC00D5E77A /* ProductEndpoint.swift */,
			);
			path = Product;
			sourceTree = "<group>";
		};
		CF2AA82C2BBC161600D5E77A /* Product */ = {
			isa = PBXGroup;
			children = (
				CF2AA8162BBBEEBC00D5E77A /* Product.swift */,
				CF2AA8192BBBEFC600D5E77A /* ProductResponse.swift */,
				CF2AA8292BBC15E800D5E77A /* ProductData.swift */,
			);
			path = Product;
			sourceTree = "<group>";
		};
		CF2AA8422BBC169300D5E77A /* Fonts */ = {
			isa = PBXGroup;
			children = (
				CF2AA82E2BBC167B00D5E77A /* PlusJakartaSans-Bold.ttf */,
				CF2AA8332BBC167B00D5E77A /* PlusJakartaSans-ExtraBold.ttf */,
				CF2AA82F2BBC167B00D5E77A /* PlusJakartaSans-ExtraLight.ttf */,
				CF2AA8322BBC167B00D5E77A /* PlusJakartaSans-Light.ttf */,
				CF2AA82D2BBC167B00D5E77A /* PlusJakartaSans-Medium.ttf */,
				CF2AA8302BBC167B00D5E77A /* PlusJakartaSans-Regular.ttf */,
				CF2AA8312BBC167B00D5E77A /* PlusJakartaSans-SemiBold.ttf */,
			);
			path = Fonts;
			sourceTree = "<group>";
		};
		CF2AA8462BBC1EAF00D5E77A /* Modules */ = {
			isa = PBXGroup;
			children = (
				CF2AA84A2BBC1EC200D5E77A /* Home */,
				CF2AA84E2BBC219F00D5E77A /* Add Product */,
			);
			path = Modules;
			sourceTree = "<group>";
		};
		CF2AA84A2BBC1EC200D5E77A /* Home */ = {
			isa = PBXGroup;
			children = (
				CF38134B2B664AFA009AD64E /* HomeView.swift */,
				CF2AA8472BBC1EBF00D5E77A /* HomeViewModel.swift */,
			);
			path = Home;
			sourceTree = "<group>";
		};
		CF2AA84E2BBC219F00D5E77A /* Add Product */ = {
			isa = PBXGroup;
			children = (
				CF2AA84B2BBC219B00D5E77A /* AddProductView.swift */,
				CF2AA84F2BBC21B300D5E77A /* AddProductViewModel.swift */,
			);
			path = "Add Product";
			sourceTree = "<group>";
		};
		CF2AA85B2BBC640300D5E77A /* UI Components */ = {
			isa = PBXGroup;
			children = (
				CF2AA8582BBC62F000D5E77A /* ImagePicker.swift */,
				CF3C76FD2BBD2593005E2D74 /* BDButton.swift */,
				CF4C8FC62BBD31F600D02293 /* BDTextField.swift */,
				CF4C8FCE2BBD355500D02293 /* BDSection.swift */,
				CF4C8FD12BBD374500D02293 /* BDCustomAlertSheet.swift */,
				CF4C8FD52BBDA90700D02293 /* BDNavigationView.swift */,
			);
			path = "UI Components";
			sourceTree = "<group>";
		};
		CF38133D2B664AFA009AD64E = {
			isa = PBXGroup;
			children = (
				CF3813482B664AFA009AD64E /* BillDuct */,
				CF3813472B664AFA009AD64E /* Products */,
			);
			sourceTree = "<group>";
		};
		CF3813472B664AFA009AD64E /* Products */ = {
			isa = PBXGroup;
			children = (
				CF3813462B664AFA009AD64E /* BillDuct.app */,
				CF38135B2B664B9E009AD64E /* BillDuct Beta.app */,
			);
			name = Products;
			sourceTree = "<group>";
		};
		CF3813482B664AFA009AD64E /* BillDuct */ = {
			isa = PBXGroup;
			children = (
				CF2AA8422BBC169300D5E77A /* Fonts */,
				CF2AA80F2BBBDE3C00D5E77A /* Networking */,
				CF38136F2B664CC3009AD64E /* Config */,
				CF3813492B664AFA009AD64E /* BillDuctApp.swift */,
				CF2AA8462BBC1EAF00D5E77A /* Modules */,
				CF3813842B664D69009AD64E /* Model */,
				CF38137F2B664D49009AD64E /* Helpers */,
				CF38134D2B664AFB009AD64E /* Assets.xcassets */,
				CF38134F2B664AFB009AD64E /* Preview Content */,
				CF2AA8152BBBE17600D5E77A /* Extensions */,
				CF2AA85B2BBC640300D5E77A /* UI Components */,
				CF3C77032BBD25AF005E2D74 /* Modifiers */,
			);
			path = BillDuct;
			sourceTree = "<group>";
		};
		CF38134F2B664AFB009AD64E /* Preview Content */ = {
			isa = PBXGroup;
			children = (
				CF3813502B664AFB009AD64E /* Preview Assets.xcassets */,
			);
			path = "Preview Content";
			sourceTree = "<group>";
		};
		CF38136F2B664CC3009AD64E /* Config */ = {
			isa = PBXGroup;
			children = (
				CF2AA8112BBBDECA00D5E77A /* Beta-Info.plist */,
				CF2AA8102BBBDEC300D5E77A /* Info.plist */,
				CF38136E2B664C82009AD64E /* BillDuct Beta.entitlements */,
				CF38136D2B664C69009AD64E /* BillDuct.entitlements */,
			);
			path = Config;
			sourceTree = "<group>";
		};
		CF38137F2B664D49009AD64E /* Helpers */ = {
			isa = PBXGroup;
			children = (
				CF2AA8022BBBDE0000D5E77A /* FontHelper.swift */,
				CF3813742B664D21009AD64E /* Constants.swift */,
				CF3813762B664D21009AD64E /* Logger.swift */,
			);
			path = Helpers;
			sourceTree = "<group>";
		};
		CF3813842B664D69009AD64E /* Model */ = {
			isa = PBXGroup;
			children = (
				CF3813702B664D06009AD64E /* CoreDataStack.swift */,
				CF3813802B664D63009AD64E /* BillDuctModel.xcdatamodeld */,
				CF2AA82C2BBC161600D5E77A /* Product */,
			);
			path = Model;
			sourceTree = "<group>";
		};
		CF3C77032BBD25AF005E2D74 /* Modifiers */ = {
			isa = PBXGroup;
			children = (
				CF3C77002BBD25AC005E2D74 /* Button+Modifiers.swift */,
				CF4C8FCB2BBD336F00D02293 /* Helper+Modifiers.swift */,
			);
			path = Modifiers;
			sourceTree = "<group>";
		};
/* End PBXGroup section */

/* Begin PBXNativeTarget section */
		CF3813452B664AFA009AD64E /* BillDuct */ = {
			isa = PBXNativeTarget;
			buildConfigurationList = CF3813542B664AFB009AD64E /* Build configuration list for PBXNativeTarget "BillDuct" */;
			buildPhases = (
				CF3813422B664AFA009AD64E /* Sources */,
				CF3813432B664AFA009AD64E /* Frameworks */,
				CF3813442B664AFA009AD64E /* Resources */,
			);
			buildRules = (
			);
			dependencies = (
			);
			name = BillDuct;
			productName = BillDuct;
			productReference = CF3813462B664AFA009AD64E /* BillDuct.app */;
			productType = "com.apple.product-type.application";
		};
		CF38135A2B664B9E009AD64E /* BillDuct Beta */ = {
			isa = PBXNativeTarget;
			buildConfigurationList = CF3813662B664B9F009AD64E /* Build configuration list for PBXNativeTarget "BillDuct Beta" */;
			buildPhases = (
				CF3813572B664B9E009AD64E /* Sources */,
				CF3813582B664B9E009AD64E /* Frameworks */,
				CF3813592B664B9E009AD64E /* Resources */,
			);
			buildRules = (
			);
			dependencies = (
			);
			name = "BillDuct Beta";
			productName = "BillDuct Beta";
			productReference = CF38135B2B664B9E009AD64E /* BillDuct Beta.app */;
			productType = "com.apple.product-type.application";
		};
/* End PBXNativeTarget section */

/* Begin PBXProject section */
		CF38133E2B664AFA009AD64E /* Project object */ = {
			isa = PBXProject;
			attributes = {
				BuildIndependentTargetsInParallel = 1;
				LastSwiftUpdateCheck = 1510;
				LastUpgradeCheck = 1510;
				TargetAttributes = {
					CF3813452B664AFA009AD64E = {
						CreatedOnToolsVersion = 15.1;
					};
					CF38135A2B664B9E009AD64E = {
						CreatedOnToolsVersion = 15.1;
					};
				};
			};
			buildConfigurationList = CF3813412B664AFA009AD64E /* Build configuration list for PBXProject "BillDuct" */;
			compatibilityVersion = "Xcode 14.0";
			developmentRegion = en;
			hasScannedForEncodings = 0;
			knownRegions = (
				en,
				Base,
			);
			mainGroup = CF38133D2B664AFA009AD64E;
			productRefGroup = CF3813472B664AFA009AD64E /* Products */;
			projectDirPath = "";
			projectRoot = "";
			targets = (
				CF3813452B664AFA009AD64E /* BillDuct */,
				CF38135A2B664B9E009AD64E /* BillDuct Beta */,
			);
		};
/* End PBXProject section */

/* Begin PBXResourcesBuildPhase section */
		CF3813442B664AFA009AD64E /* Resources */ = {
			isa = PBXResourcesBuildPhase;
			buildActionMask = 2147483647;
			files = (
				CF2AA8342BBC168F00D5E77A /* PlusJakartaSans-Regular.ttf in Resources */,
				CF2AA8352BBC168F00D5E77A /* PlusJakartaSans-Light.ttf in Resources */,
				CF2AA8362BBC168F00D5E77A /* PlusJakartaSans-Bold.ttf in Resources */,
				CF2AA8372BBC168F00D5E77A /* PlusJakartaSans-ExtraBold.ttf in Resources */,
				CF2AA8382BBC168F00D5E77A /* PlusJakartaSans-Medium.ttf in Resources */,
				CF2AA8392BBC168F00D5E77A /* PlusJakartaSans-SemiBold.ttf in Resources */,
				CF2AA83A2BBC168F00D5E77A /* PlusJakartaSans-ExtraLight.ttf in Resources */,
				CF3813512B664AFB009AD64E /* Preview Assets.xcassets in Resources */,
				CF38134E2B664AFB009AD64E /* Assets.xcassets in Resources */,
			);
			runOnlyForDeploymentPostprocessing = 0;
		};
		CF3813592B664B9E009AD64E /* Resources */ = {
			isa = PBXResourcesBuildPhase;
			buildActionMask = 2147483647;
			files = (
				CF2AA83B2BBC168F00D5E77A /* PlusJakartaSans-Regular.ttf in Resources */,
				CF2AA83C2BBC168F00D5E77A /* PlusJakartaSans-Light.ttf in Resources */,
				CF2AA83D2BBC168F00D5E77A /* PlusJakartaSans-Bold.ttf in Resources */,
				CF2AA83E2BBC168F00D5E77A /* PlusJakartaSans-ExtraBold.ttf in Resources */,
				CF2AA83F2BBC168F00D5E77A /* PlusJakartaSans-Medium.ttf in Resources */,
				CF2AA8402BBC168F00D5E77A /* PlusJakartaSans-SemiBold.ttf in Resources */,
				CF2AA8412BBC168F00D5E77A /* PlusJakartaSans-ExtraLight.ttf in Resources */,
				CF38136C2B664BB6009AD64E /* Preview Assets.xcassets in Resources */,
				CF38136B2B664BB6009AD64E /* Assets.xcassets in Resources */,
			);
			runOnlyForDeploymentPostprocessing = 0;
		};
/* End PBXResourcesBuildPhase section */

/* Begin PBXSourcesBuildPhase section */
		CF3813422B664AFA009AD64E /* Sources */ = {
			isa = PBXSourcesBuildPhase;
			buildActionMask = 2147483647;
			files = (
				CF2AA84C2BBC219B00D5E77A /* AddProductView.swift in Sources */,
				CF3813792B664D21009AD64E /* Constants.swift in Sources */,
				CF2AA8482BBC1EBF00D5E77A /* HomeViewModel.swift in Sources */,
				CF3C77012BBD25AC005E2D74 /* Button+Modifiers.swift in Sources */,
				CF3C76FE2BBD2593005E2D74 /* BDButton.swift in Sources */,
				CF4C8FD22BBD374500D02293 /* BDCustomAlertSheet.swift in Sources */,
				CF2AA8592BBC62F000D5E77A /* ImagePicker.swift in Sources */,
				CF2AA8442BBC1D6400D5E77A /* Double+.swift in Sources */,
				CF2AA8562BBC5EDF00D5E77A /* Publisher+.swift in Sources */,
				CF2AA80B2BBBDE3900D5E77A /* APIEndpoint.swift in Sources */,
				CF38137B2B664D21009AD64E /* URL+.swift in Sources */,
				CF3813772B664D21009AD64E /* UserDefaults+.swift in Sources */,
				CF4C8FD62BBDA90700D02293 /* BDNavigationView.swift in Sources */,
				CF2AA8132BBBE17300D5E77A /* Font+.swift in Sources */,
				CF2AA8032BBBDE0000D5E77A /* FontHelper.swift in Sources */,
				CF2AA81A2BBBEFC600D5E77A /* ProductResponse.swift in Sources */,
				CF2AA80D2BBBDE3900D5E77A /* APIError.swift in Sources */,
				CF2AA8092BBBDE3900D5E77A /* API.swift in Sources */,
				CF3C770B2BBD30B8005E2D74 /* UIWindow+.swift in Sources */,
				CF2AA8532BBC594100D5E77A /* String+.swift in Sources */,
				CF4C8FC72BBD31F600D02293 /* BDTextField.swift in Sources */,
				CF2AA81D2BBBF62300D5E77A /* MultiformRequest.swift in Sources */,
				CF3C77102BBD3172005E2D74 /* UIScreen+.swift in Sources */,
				CF2AA8202BBBF88600D5E77A /* Data+.swift in Sources */,
				CF4C8FC92BBD326000D02293 /* Stacks.swift in Sources */,
				CF2AA82A2BBC15E800D5E77A /* ProductData.swift in Sources */,
				CF3813822B664D63009AD64E /* BillDuctModel.xcdatamodeld in Sources */,
				CF3813712B664D06009AD64E /* CoreDataStack.swift in Sources */,
				CF2AA8262BBBFDFC00D5E77A /* ProductEndpoint.swift in Sources */,
				CF4C8FCC2BBD337000D02293 /* Helper+Modifiers.swift in Sources */,
				CF2AA8502BBC21B300D5E77A /* AddProductViewModel.swift in Sources */,
				CF4C8FCF2BBD355500D02293 /* BDSection.swift in Sources */,
				CF38137D2B664D21009AD64E /* Logger.swift in Sources */,
				CF38134C2B664AFA009AD64E /* HomeView.swift in Sources */,
				CF38134A2B664AFA009AD64E /* BillDuctApp.swift in Sources */,
				CF2AA8172BBBEEBC00D5E77A /* Product.swift in Sources */,
				CF3C77052BBD25B9005E2D74 /* View+.swift in Sources */,
				CF2AA8232BBBFDBD00D5E77A /* ProductService.swift in Sources */,
			);
			runOnlyForDeploymentPostprocessing = 0;
		};
		CF3813572B664B9E009AD64E /* Sources */ = {
			isa = PBXSourcesBuildPhase;
			buildActionMask = 2147483647;
			files = (
				CF2AA84D2BBC219B00D5E77A /* AddProductView.swift in Sources */,
				CF38137A2B664D21009AD64E /* Constants.swift in Sources */,
				CF2AA8492BBC1EBF00D5E77A /* HomeViewModel.swift in Sources */,
				CF3C77022BBD25AC005E2D74 /* Button+Modifiers.swift in Sources */,
				CF3C76FF2BBD2593005E2D74 /* BDButton.swift in Sources */,
				CF2AA85A2BBC62F000D5E77A /* ImagePicker.swift in Sources */,
				CF2AA8452BBC1D6400D5E77A /* Double+.swift in Sources */,
				CF2AA8572BBC5EDF00D5E77A /* Publisher+.swift in Sources */,
				CF2AA80C2BBBDE3900D5E77A /* APIEndpoint.swift in Sources */,
				CF38137C2B664D21009AD64E /* URL+.swift in Sources */,
				CF3813782B664D21009AD64E /* UserDefaults+.swift in Sources */,
				CF2AA8142BBBE17300D5E77A /* Font+.swift in Sources */,
				CF4C8FD72BBDA90700D02293 /* BDNavigationView.swift in Sources */,
				CF2AA8042BBBDE0000D5E77A /* FontHelper.swift in Sources */,
				CF2AA81B2BBBEFC600D5E77A /* ProductResponse.swift in Sources */,
				CF2AA80E2BBBDE3900D5E77A /* APIError.swift in Sources */,
				CF4C8FD42BBD50DB00D02293 /* BDTextField.swift in Sources */,
				CF2AA80A2BBBDE3900D5E77A /* API.swift in Sources */,
				CF3C770C2BBD30B8005E2D74 /* UIWindow+.swift in Sources */,
				CF2AA8542BBC594100D5E77A /* String+.swift in Sources */,
				CF2AA81E2BBBF62300D5E77A /* MultiformRequest.swift in Sources */,
				CF3C77112BBD3173005E2D74 /* UIScreen+.swift in Sources */,
				CF2AA8212BBBF88600D5E77A /* Data+.swift in Sources */,
				CF4C8FD02BBD355500D02293 /* BDSection.swift in Sources */,
				CF2AA82B2BBC15E800D5E77A /* ProductData.swift in Sources */,
				CF4C8FCD2BBD337000D02293 /* Helper+Modifiers.swift in Sources */,
				CF3813832B664D63009AD64E /* BillDuctModel.xcdatamodeld in Sources */,
				CF3813722B664D06009AD64E /* CoreDataStack.swift in Sources */,
				CF4C8FCA2BBD326000D02293 /* Stacks.swift in Sources */,
				CF2AA8272BBBFDFC00D5E77A /* ProductEndpoint.swift in Sources */,
				CF2AA8512BBC21B300D5E77A /* AddProductViewModel.swift in Sources */,
				CF38137E2B664D21009AD64E /* Logger.swift in Sources */,
				CF3813692B664BB1009AD64E /* BillDuctApp.swift in Sources */,
				CF38136A2B664BB1009AD64E /* HomeView.swift in Sources */,
				CF4C8FD32BBD374500D02293 /* BDCustomAlertSheet.swift in Sources */,
				CF2AA8182BBBEEBC00D5E77A /* Product.swift in Sources */,
				CF3C77062BBD25B9005E2D74 /* View+.swift in Sources */,
				CF2AA8242BBBFDBD00D5E77A /* ProductService.swift in Sources */,
			);
			runOnlyForDeploymentPostprocessing = 0;
		};
/* End PBXSourcesBuildPhase section */

/* Begin XCBuildConfiguration section */
		CF3813522B664AFB009AD64E /* Debug */ = {
			isa = XCBuildConfiguration;
			buildSettings = {
				ALWAYS_SEARCH_USER_PATHS = NO;
				ASSETCATALOG_COMPILER_GENERATE_SWIFT_ASSET_SYMBOL_EXTENSIONS = YES;
				CLANG_ANALYZER_NONNULL = YES;
				CLANG_ANALYZER_NUMBER_OBJECT_CONVERSION = YES_AGGRESSIVE;
				CLANG_CXX_LANGUAGE_STANDARD = "gnu++20";
				CLANG_ENABLE_MODULES = YES;
				CLANG_ENABLE_OBJC_ARC = YES;
				CLANG_ENABLE_OBJC_WEAK = YES;
				CLANG_WARN_BLOCK_CAPTURE_AUTORELEASING = YES;
				CLANG_WARN_BOOL_CONVERSION = YES;
				CLANG_WARN_COMMA = YES;
				CLANG_WARN_CONSTANT_CONVERSION = YES;
				CLANG_WARN_DEPRECATED_OBJC_IMPLEMENTATIONS = YES;
				CLANG_WARN_DIRECT_OBJC_ISA_USAGE = YES_ERROR;
				CLANG_WARN_DOCUMENTATION_COMMENTS = YES;
				CLANG_WARN_EMPTY_BODY = YES;
				CLANG_WARN_ENUM_CONVERSION = YES;
				CLANG_WARN_INFINITE_RECURSION = YES;
				CLANG_WARN_INT_CONVERSION = YES;
				CLANG_WARN_NON_LITERAL_NULL_CONVERSION = YES;
				CLANG_WARN_OBJC_IMPLICIT_RETAIN_SELF = YES;
				CLANG_WARN_OBJC_LITERAL_CONVERSION = YES;
				CLANG_WARN_OBJC_ROOT_CLASS = YES_ERROR;
				CLANG_WARN_QUOTED_INCLUDE_IN_FRAMEWORK_HEADER = YES;
				CLANG_WARN_RANGE_LOOP_ANALYSIS = YES;
				CLANG_WARN_STRICT_PROTOTYPES = YES;
				CLANG_WARN_SUSPICIOUS_MOVE = YES;
				CLANG_WARN_UNGUARDED_AVAILABILITY = YES_AGGRESSIVE;
				CLANG_WARN_UNREACHABLE_CODE = YES;
				CLANG_WARN__DUPLICATE_METHOD_MATCH = YES;
				COPY_PHASE_STRIP = NO;
				DEBUG_INFORMATION_FORMAT = dwarf;
				ENABLE_STRICT_OBJC_MSGSEND = YES;
				ENABLE_TESTABILITY = YES;
				ENABLE_USER_SCRIPT_SANDBOXING = YES;
				GCC_C_LANGUAGE_STANDARD = gnu17;
				GCC_DYNAMIC_NO_PIC = NO;
				GCC_NO_COMMON_BLOCKS = YES;
				GCC_OPTIMIZATION_LEVEL = 0;
				GCC_PREPROCESSOR_DEFINITIONS = (
					"DEBUG=1",
					"$(inherited)",
				);
				GCC_WARN_64_TO_32_BIT_CONVERSION = YES;
				GCC_WARN_ABOUT_RETURN_TYPE = YES_ERROR;
				GCC_WARN_UNDECLARED_SELECTOR = YES;
				GCC_WARN_UNINITIALIZED_AUTOS = YES_AGGRESSIVE;
				GCC_WARN_UNUSED_FUNCTION = YES;
				GCC_WARN_UNUSED_VARIABLE = YES;
				IPHONEOS_DEPLOYMENT_TARGET = 16.0;
				LOCALIZATION_PREFERS_STRING_CATALOGS = YES;
				MTL_ENABLE_DEBUG_INFO = INCLUDE_SOURCE;
				MTL_FAST_MATH = YES;
				ONLY_ACTIVE_ARCH = YES;
				SDKROOT = iphoneos;
				SWIFT_ACTIVE_COMPILATION_CONDITIONS = "DEBUG $(inherited)";
				SWIFT_OPTIMIZATION_LEVEL = "-Onone";
			};
			name = Debug;
		};
		CF3813532B664AFB009AD64E /* Release */ = {
			isa = XCBuildConfiguration;
			buildSettings = {
				ALWAYS_SEARCH_USER_PATHS = NO;
				ASSETCATALOG_COMPILER_GENERATE_SWIFT_ASSET_SYMBOL_EXTENSIONS = YES;
				CLANG_ANALYZER_NONNULL = YES;
				CLANG_ANALYZER_NUMBER_OBJECT_CONVERSION = YES_AGGRESSIVE;
				CLANG_CXX_LANGUAGE_STANDARD = "gnu++20";
				CLANG_ENABLE_MODULES = YES;
				CLANG_ENABLE_OBJC_ARC = YES;
				CLANG_ENABLE_OBJC_WEAK = YES;
				CLANG_WARN_BLOCK_CAPTURE_AUTORELEASING = YES;
				CLANG_WARN_BOOL_CONVERSION = YES;
				CLANG_WARN_COMMA = YES;
				CLANG_WARN_CONSTANT_CONVERSION = YES;
				CLANG_WARN_DEPRECATED_OBJC_IMPLEMENTATIONS = YES;
				CLANG_WARN_DIRECT_OBJC_ISA_USAGE = YES_ERROR;
				CLANG_WARN_DOCUMENTATION_COMMENTS = YES;
				CLANG_WARN_EMPTY_BODY = YES;
				CLANG_WARN_ENUM_CONVERSION = YES;
				CLANG_WARN_INFINITE_RECURSION = YES;
				CLANG_WARN_INT_CONVERSION = YES;
				CLANG_WARN_NON_LITERAL_NULL_CONVERSION = YES;
				CLANG_WARN_OBJC_IMPLICIT_RETAIN_SELF = YES;
				CLANG_WARN_OBJC_LITERAL_CONVERSION = YES;
				CLANG_WARN_OBJC_ROOT_CLASS = YES_ERROR;
				CLANG_WARN_QUOTED_INCLUDE_IN_FRAMEWORK_HEADER = YES;
				CLANG_WARN_RANGE_LOOP_ANALYSIS = YES;
				CLANG_WARN_STRICT_PROTOTYPES = YES;
				CLANG_WARN_SUSPICIOUS_MOVE = YES;
				CLANG_WARN_UNGUARDED_AVAILABILITY = YES_AGGRESSIVE;
				CLANG_WARN_UNREACHABLE_CODE = YES;
				CLANG_WARN__DUPLICATE_METHOD_MATCH = YES;
				COPY_PHASE_STRIP = NO;
				DEBUG_INFORMATION_FORMAT = "dwarf-with-dsym";
				ENABLE_NS_ASSERTIONS = NO;
				ENABLE_STRICT_OBJC_MSGSEND = YES;
				ENABLE_USER_SCRIPT_SANDBOXING = YES;
				GCC_C_LANGUAGE_STANDARD = gnu17;
				GCC_NO_COMMON_BLOCKS = YES;
				GCC_WARN_64_TO_32_BIT_CONVERSION = YES;
				GCC_WARN_ABOUT_RETURN_TYPE = YES_ERROR;
				GCC_WARN_UNDECLARED_SELECTOR = YES;
				GCC_WARN_UNINITIALIZED_AUTOS = YES_AGGRESSIVE;
				GCC_WARN_UNUSED_FUNCTION = YES;
				GCC_WARN_UNUSED_VARIABLE = YES;
				IPHONEOS_DEPLOYMENT_TARGET = 16.0;
				LOCALIZATION_PREFERS_STRING_CATALOGS = YES;
				MTL_ENABLE_DEBUG_INFO = NO;
				MTL_FAST_MATH = YES;
				SDKROOT = iphoneos;
				SWIFT_COMPILATION_MODE = wholemodule;
				VALIDATE_PRODUCT = YES;
			};
			name = Release;
		};
		CF3813552B664AFB009AD64E /* Debug */ = {
			isa = XCBuildConfiguration;
			buildSettings = {
				ASSETCATALOG_COMPILER_APPICON_NAME = AppIcon;
				ASSETCATALOG_COMPILER_GLOBAL_ACCENT_COLOR_NAME = AccentColor;
				CODE_SIGN_ENTITLEMENTS = BillDuct/Config/BillDuct.entitlements;
				CODE_SIGN_STYLE = Automatic;
				CURRENT_PROJECT_VERSION = 1;
				DEVELOPMENT_ASSET_PATHS = "\"BillDuct/Preview Content\"";
				DEVELOPMENT_TEAM = SJ64B32FPH;
				ENABLE_PREVIEWS = YES;
				GENERATE_INFOPLIST_FILE = YES;
				INFOPLIST_FILE = BillDuct/Config/Info.plist;
				INFOPLIST_KEY_UIApplicationSceneManifest_Generation = YES;
				INFOPLIST_KEY_UIApplicationSupportsIndirectInputEvents = YES;
				INFOPLIST_KEY_UILaunchScreen_Generation = YES;
				INFOPLIST_KEY_UISupportedInterfaceOrientations = UIInterfaceOrientationPortrait;
				INFOPLIST_KEY_UISupportedInterfaceOrientations_iPad = "UIInterfaceOrientationLandscapeLeft UIInterfaceOrientationLandscapeRight UIInterfaceOrientationPortrait UIInterfaceOrientationPortraitUpsideDown";
				IPHONEOS_DEPLOYMENT_TARGET = 16.0;
				LD_RUNPATH_SEARCH_PATHS = (
					"$(inherited)",
					"@executable_path/Frameworks",
				);
				MARKETING_VERSION = 1.0;
				PRODUCT_BUNDLE_IDENTIFIER = com.rajraval.BillDuct;
				PRODUCT_NAME = "$(TARGET_NAME)";
				SUPPORTED_PLATFORMS = "iphoneos iphonesimulator";
				SUPPORTS_MACCATALYST = NO;
				SUPPORTS_MAC_DESIGNED_FOR_IPHONE_IPAD = NO;
				SWIFT_EMIT_LOC_STRINGS = YES;
				SWIFT_VERSION = 5.0;
				TARGETED_DEVICE_FAMILY = 1;
			};
			name = Debug;
		};
		CF3813562B664AFB009AD64E /* Release */ = {
			isa = XCBuildConfiguration;
			buildSettings = {
				ASSETCATALOG_COMPILER_APPICON_NAME = AppIcon;
				ASSETCATALOG_COMPILER_GLOBAL_ACCENT_COLOR_NAME = AccentColor;
				CODE_SIGN_ENTITLEMENTS = BillDuct/Config/BillDuct.entitlements;
				CODE_SIGN_STYLE = Automatic;
				CURRENT_PROJECT_VERSION = 1;
				DEVELOPMENT_ASSET_PATHS = "\"BillDuct/Preview Content\"";
				DEVELOPMENT_TEAM = SJ64B32FPH;
				ENABLE_PREVIEWS = YES;
				GENERATE_INFOPLIST_FILE = YES;
				INFOPLIST_FILE = BillDuct/Config/Info.plist;
				INFOPLIST_KEY_UIApplicationSceneManifest_Generation = YES;
				INFOPLIST_KEY_UIApplicationSupportsIndirectInputEvents = YES;
				INFOPLIST_KEY_UILaunchScreen_Generation = YES;
				INFOPLIST_KEY_UISupportedInterfaceOrientations = UIInterfaceOrientationPortrait;
				INFOPLIST_KEY_UISupportedInterfaceOrientations_iPad = "UIInterfaceOrientationLandscapeLeft UIInterfaceOrientationLandscapeRight UIInterfaceOrientationPortrait UIInterfaceOrientationPortraitUpsideDown";
				IPHONEOS_DEPLOYMENT_TARGET = 16.0;
				LD_RUNPATH_SEARCH_PATHS = (
					"$(inherited)",
					"@executable_path/Frameworks",
				);
				MARKETING_VERSION = 1.0;
				PRODUCT_BUNDLE_IDENTIFIER = com.rajraval.BillDuct;
				PRODUCT_NAME = "$(TARGET_NAME)";
				SUPPORTED_PLATFORMS = "iphoneos iphonesimulator";
				SUPPORTS_MACCATALYST = NO;
				SUPPORTS_MAC_DESIGNED_FOR_IPHONE_IPAD = NO;
				SWIFT_EMIT_LOC_STRINGS = YES;
				SWIFT_VERSION = 5.0;
				TARGETED_DEVICE_FAMILY = 1;
			};
			name = Release;
		};
		CF3813672B664B9F009AD64E /* Debug */ = {
			isa = XCBuildConfiguration;
			buildSettings = {
				ASSETCATALOG_COMPILER_APPICON_NAME = "AppIcon-Beta";
				ASSETCATALOG_COMPILER_GLOBAL_ACCENT_COLOR_NAME = AccentColor;
				CODE_SIGN_ENTITLEMENTS = "BillDuct/Config/BillDuct Beta.entitlements";
				CODE_SIGN_STYLE = Automatic;
				CURRENT_PROJECT_VERSION = 1;
				DEVELOPMENT_ASSET_PATHS = "\"BillDuct/Preview Content\"";
				DEVELOPMENT_TEAM = SJ64B32FPH;
				ENABLE_PREVIEWS = YES;
				GENERATE_INFOPLIST_FILE = YES;
				INFOPLIST_FILE = "BillDuct/Config/Beta-Info.plist";
				INFOPLIST_KEY_UIApplicationSceneManifest_Generation = YES;
				INFOPLIST_KEY_UIApplicationSupportsIndirectInputEvents = YES;
				INFOPLIST_KEY_UILaunchScreen_Generation = YES;
				INFOPLIST_KEY_UISupportedInterfaceOrientations = UIInterfaceOrientationPortrait;
				INFOPLIST_KEY_UISupportedInterfaceOrientations_iPad = "UIInterfaceOrientationLandscapeLeft UIInterfaceOrientationLandscapeRight UIInterfaceOrientationPortrait UIInterfaceOrientationPortraitUpsideDown";
				IPHONEOS_DEPLOYMENT_TARGET = 16.0;
				LD_RUNPATH_SEARCH_PATHS = (
					"$(inherited)",
					"@executable_path/Frameworks",
				);
				MARKETING_VERSION = 1.0;
				PRODUCT_BUNDLE_IDENTIFIER = "com.rajraval.BillDuct-Beta";
				PRODUCT_NAME = "$(TARGET_NAME)";
				SUPPORTED_PLATFORMS = "iphoneos iphonesimulator";
				SUPPORTS_MACCATALYST = NO;
				SUPPORTS_MAC_DESIGNED_FOR_IPHONE_IPAD = NO;
				SWIFT_ACTIVE_COMPILATION_CONDITIONS = "DEBUG $(inherited) BETA";
				SWIFT_EMIT_LOC_STRINGS = YES;
				SWIFT_VERSION = 5.0;
				TARGETED_DEVICE_FAMILY = 1;
			};
			name = Debug;
		};
		CF3813682B664B9F009AD64E /* Release */ = {
			isa = XCBuildConfiguration;
			buildSettings = {
				ASSETCATALOG_COMPILER_APPICON_NAME = "AppIcon-Beta";
				ASSETCATALOG_COMPILER_GLOBAL_ACCENT_COLOR_NAME = AccentColor;
				CODE_SIGN_ENTITLEMENTS = "BillDuct/Config/BillDuct Beta.entitlements";
				CODE_SIGN_STYLE = Automatic;
				CURRENT_PROJECT_VERSION = 1;
				DEVELOPMENT_ASSET_PATHS = "\"BillDuct/Preview Content\"";
				DEVELOPMENT_TEAM = SJ64B32FPH;
				ENABLE_PREVIEWS = YES;
				GENERATE_INFOPLIST_FILE = YES;
				INFOPLIST_FILE = "BillDuct/Config/Beta-Info.plist";
				INFOPLIST_KEY_UIApplicationSceneManifest_Generation = YES;
				INFOPLIST_KEY_UIApplicationSupportsIndirectInputEvents = YES;
				INFOPLIST_KEY_UILaunchScreen_Generation = YES;
				INFOPLIST_KEY_UISupportedInterfaceOrientations = UIInterfaceOrientationPortrait;
				INFOPLIST_KEY_UISupportedInterfaceOrientations_iPad = "UIInterfaceOrientationLandscapeLeft UIInterfaceOrientationLandscapeRight UIInterfaceOrientationPortrait UIInterfaceOrientationPortraitUpsideDown";
				IPHONEOS_DEPLOYMENT_TARGET = 16.0;
				LD_RUNPATH_SEARCH_PATHS = (
					"$(inherited)",
					"@executable_path/Frameworks",
				);
				MARKETING_VERSION = 1.0;
				PRODUCT_BUNDLE_IDENTIFIER = "com.rajraval.BillDuct-Beta";
				PRODUCT_NAME = "$(TARGET_NAME)";
				SUPPORTED_PLATFORMS = "iphoneos iphonesimulator";
				SUPPORTS_MACCATALYST = NO;
				SUPPORTS_MAC_DESIGNED_FOR_IPHONE_IPAD = NO;
				SWIFT_ACTIVE_COMPILATION_CONDITIONS = BETA;
				SWIFT_EMIT_LOC_STRINGS = YES;
				SWIFT_VERSION = 5.0;
				TARGETED_DEVICE_FAMILY = 1;
			};
			name = Release;
		};
/* End XCBuildConfiguration section */

/* Begin XCConfigurationList section */
		CF3813412B664AFA009AD64E /* Build configuration list for PBXProject "BillDuct" */ = {
			isa = XCConfigurationList;
			buildConfigurations = (
				CF3813522B664AFB009AD64E /* Debug */,
				CF3813532B664AFB009AD64E /* Release */,
			);
			defaultConfigurationIsVisible = 0;
			defaultConfigurationName = Release;
		};
		CF3813542B664AFB009AD64E /* Build configuration list for PBXNativeTarget "BillDuct" */ = {
			isa = XCConfigurationList;
			buildConfigurations = (
				CF3813552B664AFB009AD64E /* Debug */,
				CF3813562B664AFB009AD64E /* Release */,
			);
			defaultConfigurationIsVisible = 0;
			defaultConfigurationName = Release;
		};
		CF3813662B664B9F009AD64E /* Build configuration list for PBXNativeTarget "BillDuct Beta" */ = {
			isa = XCConfigurationList;
			buildConfigurations = (
				CF3813672B664B9F009AD64E /* Debug */,
				CF3813682B664B9F009AD64E /* Release */,
			);
			defaultConfigurationIsVisible = 0;
			defaultConfigurationName = Release;
		};
/* End XCConfigurationList section */

/* Begin XCVersionGroup section */
		CF3813802B664D63009AD64E /* BillDuctModel.xcdatamodeld */ = {
			isa = XCVersionGroup;
			children = (
				CF3813812B664D63009AD64E /* BillDuctModel.xcdatamodel */,
			);
			currentVersion = CF3813812B664D63009AD64E /* BillDuctModel.xcdatamodel */;
			path = BillDuctModel.xcdatamodeld;
			sourceTree = "<group>";
			versionGroupType = wrapper.xcdatamodel;
		};
/* End XCVersionGroup section */
	};
	rootObject = CF38133E2B664AFA009AD64E /* Project object */;
}
